
Microsoft Visual Studio Solution File, Format Version 12.00
# Visual Studio Version 17
VisualStudioVersion = 17.0.32112.339
MinimumVisualStudioVersion = 10.0.40219.1
Project("{9A19103F-16F7-4668-BE54-9A1E7A4F7556}") = "Domain", "src\Domain\Domain.csproj", "{4D2A9497-9C04-40A4-B378-309537FA2220}"
EndProject
Project("{9A19103F-16F7-4668-BE54-9A1E7A4F7556}") = "Infrastructure", "src\Infrastructure\Infrastructure.csproj", "{74220BF7-8837-4B8F-B960-9CBDA65B8E68}"
EndProject
Project("{9A19103F-16F7-4668-BE54-9A1E7A4F7556}") = "AcceptanceTests", "src\AcceptanceTests\AcceptanceTests.csproj", "{FF2A2975-6B15-49D0-982A-4020591FE745}"
EndProject
Project("{9A19103F-16F7-4668-BE54-9A1E7A4F7556}") = "IntegrationTests", "src\IntegrationTests\IntegrationTests.csproj", "{252000C9-DCC7-4222-ACF0-A7DEA1727155}"
EndProject
Project("{9A19103F-16F7-4668-BE54-9A1E7A4F7556}") = "UnitTests", "src\UnitTests\UnitTests.csproj", "{D5FDC379-F6F0-427F-9EC1-EC63DBC40183}"
EndProject
Project("{9A19103F-16F7-4668-BE54-9A1E7A4F7556}") = "Application", "src\Application\Application.csproj", "{B3DAF7F3-D632-4252-829B-010BF702BDC0}"
EndProject
Project("{FAE04EC0-301F-11D3-BF4B-00C04F79EFBC}") = "Host", "src\Worker.MassTransit\Host.csproj", "{75F244C3-4DBF-E0D2-27ED-16BFB84CCBF5}"
EndProject
Project("{FAE04EC0-301F-11D3-BF4B-00C04F79EFBC}") = "Host", "src\Worker.NServiceBus\Host.csproj", "{888CE328-FA0E-B41A-4BCB-8F2D3DF9FB1F}"
EndProject
Project("{FAE04EC0-301F-11D3-BF4B-00C04F79EFBC}") = "Contracts", "src\Contracts\Contracts.csproj", "{07BC6F43-C15F-E0F2-5973-6F32D66D1A14}"
EndProject
Project("{FAE04EC0-301F-11D3-BF4B-00C04F79EFBC}") = "Contracts.NServiceBus", "src\Contracts.NServiceBus\Contracts.NServiceBus.csproj", "{FD356C97-846B-C05B-B359-E6EFD1665BCF}"
EndProject
Project("{2150E333-8FDC-42A3-9474-1A3956D46DE8}") = "tests", "tests", "{6335BAF6-440D-4B7D-8618-DB1B32F4E1DB}"
EndProject
Project("{2150E333-8FDC-42A3-9474-1A3956D46DE8}") = "_Solution Items", "_Solution Items", "{1250CDBC-9DDA-447F-97E6-FCBF98F82BAC}"
	ProjectSection(SolutionItems) = preProject
		.editorconfig = .editorconfig
		Directory.Build.props = Directory.Build.props
		Directory.Build.targets = Directory.Build.targets
		dotnet.ruleset = dotnet.ruleset
		global.json = global.json
		README.md = README.md
		stylecop.json = stylecop.json
	EndProjectSection
EndProject
Project("{2150E333-8FDC-42A3-9474-1A3956D46DE8}") = "WebApi", "WebApi", "{02EA681E-C7D8-13C7-8484-4AC65E1B71E8}"
EndProject
Project("{2150E333-8FDC-42A3-9474-1A3956D46DE8}") = "WorkerMassTransit", "WorkerMassTransit", "{3DBA8B5D-0017-45D1-92F1-8F8C8463EB58}"
EndProject
Project("{2150E333-8FDC-42A3-9474-1A3956D46DE8}") = "Worker", "Worker", "{F5A1163F-15CC-46B6-B7E9-41CA380575C9}"
EndProject
Project("{2150E333-8FDC-42A3-9474-1A3956D46DE8}") = "WorkerNServiceBus", "WorkerNServiceBus", "{711FEE32-C0AE-44B8-8BED-BA3A40BF13A2}"
EndProject
Project("{FAE04EC0-301F-11D3-BF4B-00C04F79EFBC}") = "Host", "src\WebApi\Host.csproj", "{4552C345-558B-DA31-3693-BAB5315AE735}"
EndProject
Project("{FAE04EC0-301F-11D3-BF4B-00C04F79EFBC}") = "Host", "src\Worker\Host.csproj", "{18EE3BA9-B0E7-88DD-CF9C-A7C0713930F9}"
EndProject
Global
	GlobalSection(SolutionConfigurationPlatforms) = preSolution
		Debug|Any CPU = Debug|Any CPU
		Release|Any CPU = Release|Any CPU
	EndGlobalSection
	GlobalSection(ProjectConfigurationPlatforms) = postSolution
		{4D2A9497-9C04-40A4-B378-309537FA2220}.Debug|Any CPU.ActiveCfg = Debug|Any CPU
		{4D2A9497-9C04-40A4-B378-309537FA2220}.Debug|Any CPU.Build.0 = Debug|Any CPU
		{4D2A9497-9C04-40A4-B378-309537FA2220}.Release|Any CPU.ActiveCfg = Release|Any CPU
		{4D2A9497-9C04-40A4-B378-309537FA2220}.Release|Any CPU.Build.0 = Release|Any CPU
		{74220BF7-8837-4B8F-B960-9CBDA65B8E68}.Debug|Any CPU.ActiveCfg = Debug|Any CPU
		{74220BF7-8837-4B8F-B960-9CBDA65B8E68}.Debug|Any CPU.Build.0 = Debug|Any CPU
		{74220BF7-8837-4B8F-B960-9CBDA65B8E68}.Release|Any CPU.ActiveCfg = Release|Any CPU
		{74220BF7-8837-4B8F-B960-9CBDA65B8E68}.Release|Any CPU.Build.0 = Release|Any CPU
		{FF2A2975-6B15-49D0-982A-4020591FE745}.Debug|Any CPU.ActiveCfg = Debug|Any CPU
		{FF2A2975-6B15-49D0-982A-4020591FE745}.Debug|Any CPU.Build.0 = Debug|Any CPU
		{FF2A2975-6B15-49D0-982A-4020591FE745}.Release|Any CPU.ActiveCfg = Release|Any CPU
		{FF2A2975-6B15-49D0-982A-4020591FE745}.Release|Any CPU.Build.0 = Release|Any CPU
		{252000C9-DCC7-4222-ACF0-A7DEA1727155}.Debug|Any CPU.ActiveCfg = Debug|Any CPU
		{252000C9-DCC7-4222-ACF0-A7DEA1727155}.Debug|Any CPU.Build.0 = Debug|Any CPU
		{252000C9-DCC7-4222-ACF0-A7DEA1727155}.Release|Any CPU.ActiveCfg = Release|Any CPU
		{252000C9-DCC7-4222-ACF0-A7DEA1727155}.Release|Any CPU.Build.0 = Release|Any CPU
		{D5FDC379-F6F0-427F-9EC1-EC63DBC40183}.Debug|Any CPU.ActiveCfg = Debug|Any CPU
		{D5FDC379-F6F0-427F-9EC1-EC63DBC40183}.Debug|Any CPU.Build.0 = Debug|Any CPU
		{D5FDC379-F6F0-427F-9EC1-EC63DBC40183}.Release|Any CPU.ActiveCfg = Release|Any CPU
		{D5FDC379-F6F0-427F-9EC1-EC63DBC40183}.Release|Any CPU.Build.0 = Release|Any CPU
		{B3DAF7F3-D632-4252-829B-010BF702BDC0}.Debug|Any CPU.ActiveCfg = Debug|Any CPU
		{B3DAF7F3-D632-4252-829B-010BF702BDC0}.Debug|Any CPU.Build.0 = Debug|Any CPU
		{B3DAF7F3-D632-4252-829B-010BF702BDC0}.Release|Any CPU.ActiveCfg = Release|Any CPU
		{B3DAF7F3-D632-4252-829B-010BF702BDC0}.Release|Any CPU.Build.0 = Release|Any CPU
		{75F244C3-4DBF-E0D2-27ED-16BFB84CCBF5}.Debug|Any CPU.ActiveCfg = Debug|Any CPU
		{75F244C3-4DBF-E0D2-27ED-16BFB84CCBF5}.Debug|Any CPU.Build.0 = Debug|Any CPU
		{75F244C3-4DBF-E0D2-27ED-16BFB84CCBF5}.Release|Any CPU.ActiveCfg = Release|Any CPU
		{75F244C3-4DBF-E0D2-27ED-16BFB84CCBF5}.Release|Any CPU.Build.0 = Release|Any CPU
		{888CE328-FA0E-B41A-4BCB-8F2D3DF9FB1F}.Debug|Any CPU.ActiveCfg = Debug|Any CPU
		{888CE328-FA0E-B41A-4BCB-8F2D3DF9FB1F}.Debug|Any CPU.Build.0 = Debug|Any CPU
		{888CE328-FA0E-B41A-4BCB-8F2D3DF9FB1F}.Release|Any CPU.ActiveCfg = Release|Any CPU
		{888CE328-FA0E-B41A-4BCB-8F2D3DF9FB1F}.Release|Any CPU.Build.0 = Release|Any CPU
		{07BC6F43-C15F-E0F2-5973-6F32D66D1A14}.Debug|Any CPU.ActiveCfg = Debug|Any CPU
		{07BC6F43-C15F-E0F2-5973-6F32D66D1A14}.Debug|Any CPU.Build.0 = Debug|Any CPU
		{07BC6F43-C15F-E0F2-5973-6F32D66D1A14}.Release|Any CPU.ActiveCfg = Release|Any CPU
		{07BC6F43-C15F-E0F2-5973-6F32D66D1A14}.Release|Any CPU.Build.0 = Release|Any CPU
		{FD356C97-846B-C05B-B359-E6EFD1665BCF}.Debug|Any CPU.ActiveCfg = Debug|Any CPU
		{FD356C97-846B-C05B-B359-E6EFD1665BCF}.Debug|Any CPU.Build.0 = Debug|Any CPU
		{FD356C97-846B-C05B-B359-E6EFD1665BCF}.Release|Any CPU.ActiveCfg = Release|Any CPU
		{FD356C97-846B-C05B-B359-E6EFD1665BCF}.Release|Any CPU.Build.0 = Release|Any CPU
		{4552C345-558B-DA31-3693-BAB5315AE735}.Debug|Any CPU.ActiveCfg = Debug|Any CPU
		{4552C345-558B-DA31-3693-BAB5315AE735}.Debug|Any CPU.Build.0 = Debug|Any CPU
		{4552C345-558B-DA31-3693-BAB5315AE735}.Release|Any CPU.ActiveCfg = Release|Any CPU
		{4552C345-558B-DA31-3693-BAB5315AE735}.Release|Any CPU.Build.0 = Release|Any CPU
		{18EE3BA9-B0E7-88DD-CF9C-A7C0713930F9}.Debug|Any CPU.ActiveCfg = Debug|Any CPU
		{18EE3BA9-B0E7-88DD-CF9C-A7C0713930F9}.Debug|Any CPU.Build.0 = Debug|Any CPU
		{18EE3BA9-B0E7-88DD-CF9C-A7C0713930F9}.Release|Any CPU.ActiveCfg = Release|Any CPU
		{18EE3BA9-B0E7-88DD-CF9C-A7C0713930F9}.Release|Any CPU.Build.0 = Release|Any CPU
	EndGlobalSection
	GlobalSection(SolutionProperties) = preSolution
		HideSolutionNode = FALSE
	EndGlobalSection
	GlobalSection(NestedProjects) = preSolution
		{FF2A2975-6B15-49D0-982A-4020591FE745} = {6335BAF6-440D-4B7D-8618-DB1B32F4E1DB}
		{252000C9-DCC7-4222-ACF0-A7DEA1727155} = {6335BAF6-440D-4B7D-8618-DB1B32F4E1DB}
		{D5FDC379-F6F0-427F-9EC1-EC63DBC40183} = {6335BAF6-440D-4B7D-8618-DB1B32F4E1DB}
		{75F244C3-4DBF-E0D2-27ED-16BFB84CCBF5} = {3DBA8B5D-0017-45D1-92F1-8F8C8463EB58}
		{888CE328-FA0E-B41A-4BCB-8F2D3DF9FB1F} = {711FEE32-C0AE-44B8-8BED-BA3A40BF13A2}
		{4552C345-558B-DA31-3693-BAB5315AE735} = {02EA681E-C7D8-13C7-8484-4AC65E1B71E8}
		{18EE3BA9-B0E7-88DD-CF9C-A7C0713930F9} = {F5A1163F-15CC-46B6-B7E9-41CA380575C9}
	EndGlobalSection
	GlobalSection(ExtensibilityGlobals) = postSolution
		SolutionGuid = {7085404A-CC53-42BF-9A9F-C0BC3830CC6C}
	EndGlobalSection
EndGlobal
